// !$*UTF8*$!
{
	archiveVersion = 1;
	classes = {
	};
	objectVersion = 50;
	objects = {

/* Begin PBXBuildFile section */
		2577524B2795AEF9000A4FF4 /* AppDelegate.swift in Sources */ = {isa = PBXBuildFile; fileRef = 2577524A2795AEF9000A4FF4 /* AppDelegate.swift */; };
		2577524D2795AEF9000A4FF4 /* SceneDelegate.swift in Sources */ = {isa = PBXBuildFile; fileRef = 2577524C2795AEF9000A4FF4 /* SceneDelegate.swift */; };
		2577524F2795AEF9000A4FF4 /* ViewController.swift in Sources */ = {isa = PBXBuildFile; fileRef = 2577524E2795AEF9000A4FF4 /* ViewController.swift */; };
		257752522795AEF9000A4FF4 /* Main.storyboard in Resources */ = {isa = PBXBuildFile; fileRef = 257752502795AEF9000A4FF4 /* Main.storyboard */; };
		257752542795AEFE000A4FF4 /* Assets.xcassets in Resources */ = {isa = PBXBuildFile; fileRef = 257752532795AEFE000A4FF4 /* Assets.xcassets */; };
		257752572795AEFE000A4FF4 /* LaunchScreen.storyboard in Resources */ = {isa = PBXBuildFile; fileRef = 257752552795AEFE000A4FF4 /* LaunchScreen.storyboard */; };
		2577525F2795B3A8000A4FF4 /* ContentCell.swift in Sources */ = {isa = PBXBuildFile; fileRef = 2577525E2795B3A7000A4FF4 /* ContentCell.swift */; };
		257752612795E39B000A4FF4 /* PreviewsView.swift in Sources */ = {isa = PBXBuildFile; fileRef = 257752602795E39B000A4FF4 /* PreviewsView.swift */; };
/* End PBXBuildFile section */

/* Begin PBXFileReference section */
		257752472795AEF9000A4FF4 /* AutomaticHeightTableViewRow.app */ = {isa = PBXFileReference; explicitFileType = wrapper.application; includeInIndex = 0; path = AutomaticHeightTableViewRow.app; sourceTree = BUILT_PRODUCTS_DIR; };
		2577524A2795AEF9000A4FF4 /* AppDelegate.swift */ = {isa = PBXFileReference; lastKnownFileType = sourcecode.swift; path = AppDelegate.swift; sourceTree = "<group>"; };
		2577524C2795AEF9000A4FF4 /* SceneDelegate.swift */ = {isa = PBXFileReference; lastKnownFileType = sourcecode.swift; path = SceneDelegate.swift; sourceTree = "<group>"; };
		2577524E2795AEF9000A4FF4 /* ViewController.swift */ = {isa = PBXFileReference; lastKnownFileType = sourcecode.swift; path = ViewController.swift; sourceTree = "<group>"; };
		257752512795AEF9000A4FF4 /* Base */ = {isa = PBXFileReference; lastKnownFileType = file.storyboard; name = Base; path = Base.lproj/Main.storyboard; sourceTree = "<group>"; };
		257752532795AEFE000A4FF4 /* Assets.xcassets */ = {isa = PBXFileReference; lastKnownFileType = folder.assetcatalog; path = Assets.xcassets; sourceTree = "<group>"; };
		257752562795AEFE000A4FF4 /* Base */ = {isa = PBXFileReference; lastKnownFileType = file.storyboard; name = Base; path = Base.lproj/LaunchScreen.storyboard; sourceTree = "<group>"; };
		257752582795AEFE000A4FF4 /* Info.plist */ = {isa = PBXFileReference; lastKnownFileType = text.plist.xml; path = Info.plist; sourceTree = "<group>"; };
		2577525E2795B3A7000A4FF4 /* ContentCell.swift */ = {isa = PBXFileReference; lastKnownFileType = sourcecode.swift; path = ContentCell.swift; sourceTree = "<group>"; };
		257752602795E39B000A4FF4 /* PreviewsView.swift */ = {isa = PBXFileReference; lastKnownFileType = sourcecode.swift; path = PreviewsView.swift; sourceTree = "<group>"; };
/* End PBXFileReference section */

/* Begin PBXFrameworksBuildPhase section */
		257752442795AEF8000A4FF4 /* Frameworks */ = {
			isa = PBXFrameworksBuildPhase;
			buildActionMask = 2147483647;
			files = (
			);
			runOnlyForDeploymentPostprocessing = 0;
		};
/* End PBXFrameworksBuildPhase section */

/* Begin PBXGroup section */
		2577523E2795AEF8000A4FF4 = {
			isa = PBXGroup;
			children = (
				257752492795AEF9000A4FF4 /* AutomaticHeightTableViewRow */,
				257752482795AEF9000A4FF4 /* Products */,
			);
			sourceTree = "<group>";
		};
		257752482795AEF9000A4FF4 /* Products */ = {
			isa = PBXGroup;
			children = (
				257752472795AEF9000A4FF4 /* AutomaticHeightTableViewRow.app */,
			);
			name = Products;
			sourceTree = "<group>";
		};
		257752492795AEF9000A4FF4 /* AutomaticHeightTableViewRow */ = {
			isa = PBXGroup;
			children = (
				2577524A2795AEF9000A4FF4 /* AppDelegate.swift */,
				2577524C2795AEF9000A4FF4 /* SceneDelegate.swift */,
				2577524E2795AEF9000A4FF4 /* ViewController.swift */,
				2577525E2795B3A7000A4FF4 /* ContentCell.swift */,
				257752602795E39B000A4FF4 /* PreviewsView.swift */,
				257752502795AEF9000A4FF4 /* Main.storyboard */,
				257752532795AEFE000A4FF4 /* Assets.xcassets */,
				257752552795AEFE000A4FF4 /* LaunchScreen.storyboard */,
				257752582795AEFE000A4FF4 /* Info.plist */,
			);
			path = AutomaticHeightTableViewRow;
			sourceTree = "<group>";
		};
/* End PBXGroup section */

/* Begin PBXNativeTarget section */
		257752462795AEF8000A4FF4 /* AutomaticHeightTableViewRow */ = {
			isa = PBXNativeTarget;
			buildConfigurationList = 2577525B2795AEFE000A4FF4 /* Build configuration list for PBXNativeTarget "AutomaticHeightTableViewRow" */;
			buildPhases = (
				257752432795AEF8000A4FF4 /* Sources */,
				257752442795AEF8000A4FF4 /* Frameworks */,
				257752452795AEF8000A4FF4 /* Resources */,
			);
			buildRules = (
			);
			dependencies = (
			);
			name = AutomaticHeightTableViewRow;
			productName = AutomaticHeightTableViewRow;
			productReference = 257752472795AEF9000A4FF4 /* AutomaticHeightTableViewRow.app */;
			productType = "com.apple.product-type.application";
		};
/* End PBXNativeTarget section */

/* Begin PBXProject section */
		2577523F2795AEF8000A4FF4 /* Project object */ = {
			isa = PBXProject;
			attributes = {
				LastSwiftUpdateCheck = 1250;
				LastUpgradeCheck = 1250;
				TargetAttributes = {
					257752462795AEF8000A4FF4 = {
						CreatedOnToolsVersion = 12.5.1;
					};
				};
			};
			buildConfigurationList = 257752422795AEF8000A4FF4 /* Build configuration list for PBXProject "AutomaticHeightTableViewRow" */;
			compatibilityVersion = "Xcode 9.3";
			developmentRegion = en;
			hasScannedForEncodings = 0;
			knownRegions = (
				en,
				Base,
			);
			mainGroup = 2577523E2795AEF8000A4FF4;
			productRefGroup = 257752482795AEF9000A4FF4 /* Products */;
			projectDirPath = "";
			projectRoot = "";
			targets = (
				257752462795AEF8000A4FF4 /* AutomaticHeightTableViewRow */,
			);
		};
/* End PBXProject section */

/* Begin PBXResourcesBuildPhase section */
		257752452795AEF8000A4FF4 /* Resources */ = {
			isa = PBXResourcesBuildPhase;
			buildActionMask = 2147483647;
			files = (
				257752572795AEFE000A4FF4 /* LaunchScreen.storyboard in Resources */,
				257752542795AEFE000A4FF4 /* Assets.xcassets in Resources */,
				257752522795AEF9000A4FF4 /* Main.storyboard in Resources */,
			);
			runOnlyForDeploymentPostprocessing = 0;
		};
/* End PBXResourcesBuildPhase section */

/* Begin PBXSourcesBuildPhase section */
		257752432795AEF8000A4FF4 /* Sources */ = {
			isa = PBXSourcesBuildPhase;
			buildActionMask = 2147483647;
			files = (
				2577524F2795AEF9000A4FF4 /* ViewController.swift in Sources */,
				2577525F2795B3A8000A4FF4 /* ContentCell.swift in Sources */,
				2577524B2795AEF9000A4FF4 /* AppDelegate.swift in Sources */,
				2577524D2795AEF9000A4FF4 /* SceneDelegate.swift in Sources */,
				257752612795E39B000A4FF4 /* PreviewsView.swift in Sources */,
			);
			runOnlyForDeploymentPostprocessing = 0;
		};
/* End PBXSourcesBuildPhase section */

/* Begin PBXVariantGroup section */
		257752502795AEF9000A4FF4 /* Main.storyboard */ = {
			isa = PBXVariantGroup;
			children = (
				257752512795AEF9000A4FF4 /* Base */,
			);
			name = Main.storyboard;
			sourceTree = "<group>";
		};
		257752552795AEFE000A4FF4 /* LaunchScreen.storyboard */ = {
			isa = PBXVariantGroup;
			children = (
				257752562795AEFE000A4FF4 /* Base */,
			);
			name = LaunchScreen.storyboard;
			sourceTree = "<group>";
		};
/* End PBXVariantGroup section */

/* Begin XCBuildConfiguration section */
		257752592795AEFE000A4FF4 /* Debug */ = {
			isa = XCBuildConfiguration;
			buildSettings = {
				ALWAYS_SEARCH_USER_PATHS = NO;
				CLANG_ANALYZER_NONNULL = YES;
				CLANG_ANALYZER_NUMBER_OBJECT_CONVERSION = YES_AGGRESSIVE;
				CLANG_CXX_LANGUAGE_STANDARD = "gnu++14";
				CLANG_CXX_LIBRARY = "libc++";
				CLANG_ENABLE_MODULES = YES;
				CLANG_ENABLE_OBJC_ARC = YES;
				CLANG_ENABLE_OBJC_WEAK = YES;
				CLANG_WARN_BLOCK_CAPTURE_AUTORELEASING = YES;
				CLANG_WARN_BOOL_CONVERSION = YES;
				CLANG_WARN_COMMA = YES;
				CLANG_WARN_CONSTANT_CONVERSION = YES;
				CLANG_WARN_DEPRECATED_OBJC_IMPLEMENTATIONS = YES;
				CLANG_WARN_DIRECT_OBJC_ISA_USAGE = YES_ERROR;
				CLANG_WARN_DOCUMENTATION_COMMENTS = YES;
				CLANG_WARN_EMPTY_BODY = YES;
				CLANG_WARN_ENUM_CONVERSION = YES;
				CLANG_WARN_INFINITE_RECURSION = YES;
				CLANG_WARN_INT_CONVERSION = YES;
				CLANG_WARN_NON_LITERAL_NULL_CONVERSION = YES;
				CLANG_WARN_OBJC_IMPLICIT_RETAIN_SELF = YES;
				CLANG_WARN_OBJC_LITERAL_CONVERSION = YES;
				CLANG_WARN_OBJC_ROOT_CLASS = YES_ERROR;
				CLANG_WARN_QUOTED_INCLUDE_IN_FRAMEWORK_HEADER = YES;
				CLANG_WARN_RANGE_LOOP_ANALYSIS = YES;
				CLANG_WARN_STRICT_PROTOTYPES = YES;
				CLANG_WARN_SUSPICIOUS_MOVE = YES;
				CLANG_WARN_UNGUARDED_AVAILABILITY = YES_AGGRESSIVE;
				CLANG_WARN_UNREACHABLE_CODE = YES;
				CLANG_WARN__DUPLICATE_METHOD_MATCH = YES;
				COPY_PHASE_STRIP = NO;
				DEBUG_INFORMATION_FORMAT = dwarf;
				ENABLE_STRICT_OBJC_MSGSEND = YES;
				ENABLE_TESTABILITY = YES;
				GCC_C_LANGUAGE_STANDARD = gnu11;
				GCC_DYNAMIC_NO_PIC = NO;
				GCC_NO_COMMON_BLOCKS = YES;
				GCC_OPTIMIZATION_LEVEL = 0;
				GCC_PREPROCESSOR_DEFINITIONS = (
					"DEBUG=1",
					"$(inherited)",
				);
				GCC_WARN_64_TO_32_BIT_CONVERSION = YES;
				GCC_WARN_ABOUT_RETURN_TYPE = YES_ERROR;
				GCC_WARN_UNDECLARED_SELECTOR = YES;
				GCC_WARN_UNINITIALIZED_AUTOS = YES_AGGRESSIVE;
				GCC_WARN_UNUSED_FUNCTION = YES;
				GCC_WARN_UNUSED_VARIABLE = YES;
				IPHONEOS_DEPLOYMENT_TARGET = 14.5;
				MTL_ENABLE_DEBUG_INFO = INCLUDE_SOURCE;
				MTL_FAST_MATH = YES;
				ONLY_ACTIVE_ARCH = YES;
				SDKROOT = iphoneos;
				SWIFT_ACTIVE_COMPILATION_CONDITIONS = DEBUG;
				SWIFT_OPTIMIZATION_LEVEL = "-Onone";
			};
			name = Debug;
		};
		2577525A2795AEFE000A4FF4 /* Release */ = {
			isa = XCBuildConfiguration;
			buildSettings = {
				ALWAYS_SEARCH_USER_PATHS = NO;
				CLANG_ANALYZER_NONNULL = YES;
				CLANG_ANALYZER_NUMBER_OBJECT_CONVERSION = YES_AGGRESSIVE;
				CLANG_CXX_LANGUAGE_STANDARD = "gnu++14";
				CLANG_CXX_LIBRARY = "libc++";
				CLANG_ENABLE_MODULES = YES;
				CLANG_ENABLE_OBJC_ARC = YES;
				CLANG_ENABLE_OBJC_WEAK = YES;
				CLANG_WARN_BLOCK_CAPTURE_AUTORELEASING = YES;
				CLANG_WARN_BOOL_CONVERSION = YES;
				CLANG_WARN_COMMA = YES;
				CLANG_WARN_CONSTANT_CONVERSION = YES;
				CLANG_WARN_DEPRECATED_OBJC_IMPLEMENTATIONS = YES;
				CLANG_WARN_DIRECT_OBJC_ISA_USAGE = YES_ERROR;
				CLANG_WARN_DOCUMENTATION_COMMENTS = YES;
				CLANG_WARN_EMPTY_BODY = YES;
				CLANG_WARN_ENUM_CONVERSION = YES;
				CLANG_WARN_INFINITE_RECURSION = YES;
				CLANG_WARN_INT_CONVERSION = YES;
				CLANG_WARN_NON_LITERAL_NULL_CONVERSION = YES;
				CLANG_WARN_OBJC_IMPLICIT_RETAIN_SELF = YES;
				CLANG_WARN_OBJC_LITERAL_CONVERSION = YES;
				CLANG_WARN_OBJC_ROOT_CLASS = YES_ERROR;
				CLANG_WARN_QUOTED_INCLUDE_IN_FRAMEWORK_HEADER = YES;
				CLANG_WARN_RANGE_LOOP_ANALYSIS = YES;
				CLANG_WARN_STRICT_PROTOTYPES = YES;
				CLANG_WARN_SUSPICIOUS_MOVE = YES;
				CLANG_WARN_UNGUARDED_AVAILABILITY = YES_AGGRESSIVE;
				CLANG_WARN_UNREACHABLE_CODE = YES;
				CLANG_WARN__DUPLICATE_METHOD_MATCH = YES;
				COPY_PHASE_STRIP = NO;
				DEBUG_INFORMATION_FORMAT = "dwarf-with-dsym";
				ENABLE_NS_ASSERTIONS = NO;
				ENABLE_STRICT_OBJC_MSGSEND = YES;
				GCC_C_LANGUAGE_STANDARD = gnu11;
				GCC_NO_COMMON_BLOCKS = YES;
				GCC_WARN_64_TO_32_BIT_CONVERSION = YES;
				GCC_WARN_ABOUT_RETURN_TYPE = YES_ERROR;
				GCC_WARN_UNDECLARED_SELECTOR = YES;
				GCC_WARN_UNINITIALIZED_AUTOS = YES_AGGRESSIVE;
				GCC_WARN_UNUSED_FUNCTION = YES;
				GCC_WARN_UNUSED_VARIABLE = YES;
				IPHONEOS_DEPLOYMENT_TARGET = 14.5;
				MTL_ENABLE_DEBUG_INFO = NO;
				MTL_FAST_MATH = YES;
				SDKROOT = iphoneos;
				SWIFT_COMPILATION_MODE = wholemodule;
				SWIFT_OPTIMIZATION_LEVEL = "-O";
				VALIDATE_PRODUCT = YES;
			};
			name = Release;
		};
		2577525C2795AEFE000A4FF4 /* Debug */ = {
			isa = XCBuildConfiguration;
			buildSettings = {
				ASSETCATALOG_COMPILER_APPICON_NAME = AppIcon;
				ASSETCATALOG_COMPILER_GLOBAL_ACCENT_COLOR_NAME = AccentColor;
				CODE_SIGN_STYLE = Automatic;
				DEVELOPMENT_TEAM = 8586779E85;
				INFOPLIST_FILE = AutomaticHeightTableViewRow/Info.plist;
				LD_RUNPATH_SEARCH_PATHS = (
					"$(inherited)",
					"@executable_path/Frameworks",
				);
				PRODUCT_BUNDLE_IDENTIFIER = in.roguemonkey.AutomaticHeightTableViewRow;
				PRODUCT_NAME = "$(TARGET_NAME)";
				SWIFT_VERSION = 5.0;
				TARGETED_DEVICE_FAMILY = "1,2";
			};
			name = Debug;
		};
		2577525D2795AEFE000A4FF4 /* Release */ = {
			isa = XCBuildConfiguration;
			buildSettings = {
				ASSETCATALOG_COMPILER_APPICON_NAME = AppIcon;
				ASSETCATALOG_COMPILER_GLOBAL_ACCENT_COLOR_NAME = AccentColor;
				CODE_SIGN_STYLE = Automatic;
				DEVELOPMENT_TEAM = 8586779E85;
				INFOPLIST_FILE = AutomaticHeightTableViewRow/Info.plist;
				LD_RUNPATH_SEARCH_PATHS = (
					"$(inherited)",
					"@executable_path/Frameworks",
				);
				PRODUCT_BUNDLE_IDENTIFIER = in.roguemonkey.AutomaticHeightTableViewRow;
				PRODUCT_NAME = "$(TARGET_NAME)";
				SWIFT_VERSION = 5.0;
				TARGETED_DEVICE_FAMILY = "1,2";
			};
			name = Release;
		};
/* End XCBuildConfiguration section */

/* Begin XCConfigurationList section */
		257752422795AEF8000A4FF4 /* Build configuration list for PBXProject "AutomaticHeightTableViewRow" */ = {
			isa = XCConfigurationList;
			buildConfigurations = (
				257752592795AEFE000A4FF4 /* Debug */,
				2577525A2795AEFE000A4FF4 /* Release */,
			);
			defaultConfigurationIsVisible = 0;
			defaultConfigurationName = Release;
		};
		2577525B2795AEFE000A4FF4 /* Build configuration list for PBXNativeTarget "AutomaticHeightTableViewRow" */ = {
			isa = XCConfigurationList;
			buildConfigurations = (
				2577525C2795AEFE000A4FF4 /* Debug */,
				2577525D2795AEFE000A4FF4 /* Release */,
			);
			defaultConfigurationIsVisible = 0;
			defaultConfigurationName = Release;
		};
/* End XCConfigurationList section */
	};
	rootObject = 2577523F2795AEF8000A4FF4 /* Project object */;
}
